// !$*UTF8*$!
{
	archiveVersion = 1;
	classes = {
	};
	objectVersion = 50;
	objects = {

/* Begin PBXBuildFile section */
		036D9448254A4ECC0011B08D /* Union.c in Sources */ = {isa = PBXBuildFile; fileRef = 036D9447254A4ECC0011B08D /* Union.c */; };
		036D944D254A51D80011B08D /* MergeSqList.c in Sources */ = {isa = PBXBuildFile; fileRef = 036D944C254A51D80011B08D /* MergeSqList.c */; };
		036D945A254A8F370011B08D /* Union-main.c in Sources */ = {isa = PBXBuildFile; fileRef = 036D9459254A8F370011B08D /* Union-main.c */; };
		036D945D254B9F770011B08D /* MergeSqList-main.c in Sources */ = {isa = PBXBuildFile; fileRef = 036D945C254B9F770011B08D /* MergeSqList-main.c */; };
		036D9462254D292B0011B08D /* SinglyLinkedList.c in Sources */ = {isa = PBXBuildFile; fileRef = 036D9461254D292B0011B08D /* SinglyLinkedList.c */; };
		036D9466254D294B0011B08D /* SinglyLinkedList-main.c in Sources */ = {isa = PBXBuildFile; fileRef = 036D9465254D294B0011B08D /* SinglyLinkedList-main.c */; };
		0382526825456D0C001D935F /* Status.c in Sources */ = {isa = PBXBuildFile; fileRef = 0382526725456D0C001D935F /* Status.c */; };
		0382526C25456E09001D935F /* SequenceList.c in Sources */ = {isa = PBXBuildFile; fileRef = 0382526B25456E09001D935F /* SequenceList.c */; };
		0382527025479DBF001D935F /* SequenceList-mian.c in Sources */ = {isa = PBXBuildFile; fileRef = 0382526F25479DBF001D935F /* SequenceList-mian.c */; };
		0382BBDD25675127006E39AB /* MergeEList.c in Sources */ = {isa = PBXBuildFile; fileRef = 0382BBDC25675127006E39AB /* MergeEList.c */; };
		0382BBDF25675139006E39AB /* MergeEList-main.c in Sources */ = {isa = PBXBuildFile; fileRef = 0382BBDE25675139006E39AB /* MergeEList-main.c */; };
		03DF640A255F906200403696 /* DualCycleLinkedList.c in Sources */ = {isa = PBXBuildFile; fileRef = 03DF6409255F906200403696 /* DualCycleLinkedList.c */; };
		03DF640C255F907400403696 /* DualCycleLinkedList-main.c in Sources */ = {isa = PBXBuildFile; fileRef = 03DF640B255F907400403696 /* DualCycleLinkedList-main.c */; };
		03DF6410256217FC00403696 /* ExtenLinkedList.c in Sources */ = {isa = PBXBuildFile; fileRef = 03DF640F256217FB00403696 /* ExtenLinkedList.c */; };
		03DF64122562181000403696 /* ExtenLinkedList-main.c in Sources */ = {isa = PBXBuildFile; fileRef = 03DF64112562181000403696 /* ExtenLinkedList-main.c */; };
		03DF8AA92550F22800D30033 /* MergeList.c in Sources */ = {isa = PBXBuildFile; fileRef = 03DF8AA82550F22800D30033 /* MergeList.c */; };
		03DF8AAB2550F23C00D30033 /* MergeList-main.c in Sources */ = {isa = PBXBuildFile; fileRef = 03DF8AAA2550F23C00D30033 /* MergeList-main.c */; };
		03DF8AAF2553CD1700D30033 /* StaticLinkedList.c in Sources */ = {isa = PBXBuildFile; fileRef = 03DF8AAE2553CD1700D30033 /* StaticLinkedList.c */; };
		03DF8AB12553CD3700D30033 /* StaticLinkedList-main.c in Sources */ = {isa = PBXBuildFile; fileRef = 03DF8AB02553CD3700D30033 /* StaticLinkedList-main.c */; };
		03DF8AB6255CC1F600D30033 /* cycle.c in Sources */ = {isa = PBXBuildFile; fileRef = 03DF8AB5255CC1F600D30033 /* cycle.c */; };
		03DF8ABA255E1A0100D30033 /* Diffrence.c in Sources */ = {isa = PBXBuildFile; fileRef = 03DF8AB9255E1A0100D30033 /* Diffrence.c */; };
		03DF8ABC255E1A2600D30033 /* Deffrence-main.c in Sources */ = {isa = PBXBuildFile; fileRef = 03DF8ABB255E1A2600D30033 /* Deffrence-main.c */; };
/* End PBXBuildFile section */

/* Begin PBXCopyFilesBuildPhase section */
		03A52C692545584D00A94B3A /* CopyFiles */ = {
			isa = PBXCopyFilesBuildPhase;
			buildActionMask = 2147483647;
			dstPath = /usr/share/man/man1/;
			dstSubfolderSpec = 0;
			files = (
			);
			runOnlyForDeploymentPostprocessing = 1;
		};
/* End PBXCopyFilesBuildPhase section */

/* Begin PBXFileReference section */
		036D9446254A4ECC0011B08D /* Union.h */ = {isa = PBXFileReference; lastKnownFileType = sourcecode.c.h; path = Union.h; sourceTree = "<group>"; };
		036D9447254A4ECC0011B08D /* Union.c */ = {isa = PBXFileReference; lastKnownFileType = sourcecode.c.c; path = Union.c; sourceTree = "<group>"; };
		036D944B254A51D80011B08D /* MergeSqList.h */ = {isa = PBXFileReference; lastKnownFileType = sourcecode.c.h; path = MergeSqList.h; sourceTree = "<group>"; };
		036D944C254A51D80011B08D /* MergeSqList.c */ = {isa = PBXFileReference; lastKnownFileType = sourcecode.c.c; path = MergeSqList.c; sourceTree = "<group>"; };
		036D9459254A8F370011B08D /* Union-main.c */ = {isa = PBXFileReference; lastKnownFileType = sourcecode.c.c; path = "Union-main.c"; sourceTree = "<group>"; };
		036D945C254B9F770011B08D /* MergeSqList-main.c */ = {isa = PBXFileReference; lastKnownFileType = sourcecode.c.c; path = "MergeSqList-main.c"; sourceTree = "<group>"; };
		036D9460254D292B0011B08D /* SinglyLinkedList.h */ = {isa = PBXFileReference; lastKnownFileType = sourcecode.c.h; path = SinglyLinkedList.h; sourceTree = "<group>"; };
		036D9461254D292B0011B08D /* SinglyLinkedList.c */ = {isa = PBXFileReference; lastKnownFileType = sourcecode.c.c; path = SinglyLinkedList.c; sourceTree = "<group>"; };
		036D9465254D294B0011B08D /* SinglyLinkedList-main.c */ = {isa = PBXFileReference; lastKnownFileType = sourcecode.c.c; path = "SinglyLinkedList-main.c"; sourceTree = "<group>"; };
		0382526625456D0C001D935F /* Status.h */ = {isa = PBXFileReference; lastKnownFileType = sourcecode.c.h; path = Status.h; sourceTree = "<group>"; };
		0382526725456D0C001D935F /* Status.c */ = {isa = PBXFileReference; lastKnownFileType = sourcecode.c.c; path = Status.c; sourceTree = "<group>"; };
		0382526A25456E09001D935F /* SequenceList.h */ = {isa = PBXFileReference; lastKnownFileType = sourcecode.c.h; path = SequenceList.h; sourceTree = "<group>"; };
		0382526B25456E09001D935F /* SequenceList.c */ = {isa = PBXFileReference; lastKnownFileType = sourcecode.c.c; path = SequenceList.c; sourceTree = "<group>"; };
		0382526F25479DBF001D935F /* SequenceList-mian.c */ = {isa = PBXFileReference; lastKnownFileType = sourcecode.c.c; path = "SequenceList-mian.c"; sourceTree = "<group>"; };
		0382BBDB25675127006E39AB /* MergeEList.h */ = {isa = PBXFileReference; lastKnownFileType = sourcecode.c.h; path = MergeEList.h; sourceTree = "<group>"; };
		0382BBDC25675127006E39AB /* MergeEList.c */ = {isa = PBXFileReference; lastKnownFileType = sourcecode.c.c; path = MergeEList.c; sourceTree = "<group>"; };
		0382BBDE25675139006E39AB /* MergeEList-main.c */ = {isa = PBXFileReference; lastKnownFileType = sourcecode.c.c; path = "MergeEList-main.c"; sourceTree = "<group>"; };
		03A52C6B2545584D00A94B3A /* 数据结构c语言实现 */ = {isa = PBXFileReference; explicitFileType = "compiled.mach-o.executable"; includeInIndex = 0; path = "数据结构c语言实现"; sourceTree = BUILT_PRODUCTS_DIR; };
		03DF6408255F906200403696 /* DualCycleLinkedList.h */ = {isa = PBXFileReference; lastKnownFileType = sourcecode.c.h; path = DualCycleLinkedList.h; sourceTree = "<group>"; };
		03DF6409255F906200403696 /* DualCycleLinkedList.c */ = {isa = PBXFileReference; lastKnownFileType = sourcecode.c.c; path = DualCycleLinkedList.c; sourceTree = "<group>"; };
		03DF640B255F907400403696 /* DualCycleLinkedList-main.c */ = {isa = PBXFileReference; lastKnownFileType = sourcecode.c.c; path = "DualCycleLinkedList-main.c"; sourceTree = "<group>"; };
		03DF640E256217FB00403696 /* ExtenLinkedList.h */ = {isa = PBXFileReference; lastKnownFileType = sourcecode.c.h; path = ExtenLinkedList.h; sourceTree = "<group>"; };
		03DF640F256217FB00403696 /* ExtenLinkedList.c */ = {isa = PBXFileReference; lastKnownFileType = sourcecode.c.c; path = ExtenLinkedList.c; sourceTree = "<group>"; };
		03DF64112562181000403696 /* ExtenLinkedList-main.c */ = {isa = PBXFileReference; lastKnownFileType = sourcecode.c.c; path = "ExtenLinkedList-main.c"; sourceTree = "<group>"; };
		03DF8AA72550F22800D30033 /* MergeList.h */ = {isa = PBXFileReference; lastKnownFileType = sourcecode.c.h; path = MergeList.h; sourceTree = "<group>"; };
		03DF8AA82550F22800D30033 /* MergeList.c */ = {isa = PBXFileReference; lastKnownFileType = sourcecode.c.c; path = MergeList.c; sourceTree = "<group>"; };
		03DF8AAA2550F23C00D30033 /* MergeList-main.c */ = {isa = PBXFileReference; lastKnownFileType = sourcecode.c.c; path = "MergeList-main.c"; sourceTree = "<group>"; };
		03DF8AAD2553CD1700D30033 /* StaticLinkedList.h */ = {isa = PBXFileReference; lastKnownFileType = sourcecode.c.h; path = StaticLinkedList.h; sourceTree = "<group>"; };
		03DF8AAE2553CD1700D30033 /* StaticLinkedList.c */ = {isa = PBXFileReference; lastKnownFileType = sourcecode.c.c; path = StaticLinkedList.c; sourceTree = "<group>"; };
		03DF8AB02553CD3700D30033 /* StaticLinkedList-main.c */ = {isa = PBXFileReference; lastKnownFileType = sourcecode.c.c; path = "StaticLinkedList-main.c"; sourceTree = "<group>"; };
		03DF8AB5255CC1F600D30033 /* cycle.c */ = {isa = PBXFileReference; lastKnownFileType = sourcecode.c.c; path = cycle.c; sourceTree = "<group>"; };
		03DF8AB8255E1A0100D30033 /* Diffrence.h */ = {isa = PBXFileReference; lastKnownFileType = sourcecode.c.h; path = Diffrence.h; sourceTree = "<group>"; };
		03DF8AB9255E1A0100D30033 /* Diffrence.c */ = {isa = PBXFileReference; lastKnownFileType = sourcecode.c.c; path = Diffrence.c; sourceTree = "<group>"; };
		03DF8ABB255E1A2600D30033 /* Deffrence-main.c */ = {isa = PBXFileReference; lastKnownFileType = sourcecode.c.c; path = "Deffrence-main.c"; sourceTree = "<group>"; };
/* End PBXFileReference section */

/* Begin PBXFrameworksBuildPhase section */
		03A52C682545584D00A94B3A /* Frameworks */ = {
			isa = PBXFrameworksBuildPhase;
			buildActionMask = 2147483647;
			files = (
			);
			runOnlyForDeploymentPostprocessing = 0;
		};
/* End PBXFrameworksBuildPhase section */

/* Begin PBXGroup section */
		036D9445254A4E9F0011B08D /* 02 Umion */ = {
			isa = PBXGroup;
			children = (
				036D9446254A4ECC0011B08D /* Union.h */,
				036D9447254A4ECC0011B08D /* Union.c */,
				036D9459254A8F370011B08D /* Union-main.c */,
			);
			path = "02 Umion";
			sourceTree = "<group>";
		};
		036D944A254A51AA0011B08D /* 03 MergeSqList */ = {
			isa = PBXGroup;
			children = (
				036D944B254A51D80011B08D /* MergeSqList.h */,
				036D944C254A51D80011B08D /* MergeSqList.c */,
				036D945C254B9F770011B08D /* MergeSqList-main.c */,
			);
			path = "03 MergeSqList";
			sourceTree = "<group>";
		};
		036D945F254D21170011B08D /* 04 SinglyLinkedList */ = {
			isa = PBXGroup;
			children = (
				036D9460254D292B0011B08D /* SinglyLinkedList.h */,
				036D9461254D292B0011B08D /* SinglyLinkedList.c */,
				036D9465254D294B0011B08D /* SinglyLinkedList-main.c */,
			);
			path = "04 SinglyLinkedList";
			sourceTree = "<group>";
		};
		0382526325455C0B001D935F /* 课本算法实现 */ = {
			isa = PBXGroup;
			children = (
				03825265254569DA001D935F /* 01 绪论 */,
				0382526425455C2B001D935F /* 02 线性表 */,
			);
			path = "课本算法实现";
			sourceTree = "<group>";
		};
		0382526425455C2B001D935F /* 02 线性表 */ = {
			isa = PBXGroup;
			children = (
				0382BBDA2567510F006E39AB /* 10 MergeEList */,
				03DF640D256217E400403696 /* 09 ExtenLinkedList */,
				03DF6407255F904E00403696 /* 08 DualCycleLinkedList */,
				03DF8AB7255E19AB00D30033 /* 07 Difference */,
				03DF8AB2255CC18600D30033 /* 循环链表解决约瑟夫环 */,
				03DF8AAC2553CC0700D30033 /* 06 StaticLinkedList */,
				03DF8AA62550F1DA00D30033 /* 05 MergeList */,
				036D945F254D21170011B08D /* 04 SinglyLinkedList */,
				036D944A254A51AA0011B08D /* 03 MergeSqList */,
				036D9445254A4E9F0011B08D /* 02 Umion */,
				0382527225479E56001D935F /* 01 SequenceList */,
			);
			path = "02 线性表";
			sourceTree = "<group>";
		};
		03825265254569DA001D935F /* 01 绪论 */ = {
			isa = PBXGroup;
			children = (
				0382526625456D0C001D935F /* Status.h */,
				0382526725456D0C001D935F /* Status.c */,
			);
			path = "01 绪论";
			sourceTree = "<group>";
		};
		0382527225479E56001D935F /* 01 SequenceList */ = {
			isa = PBXGroup;
			children = (
				0382526F25479DBF001D935F /* SequenceList-mian.c */,
				0382526B25456E09001D935F /* SequenceList.c */,
				0382526A25456E09001D935F /* SequenceList.h */,
			);
			path = "01 SequenceList";
			sourceTree = "<group>";
		};
		0382BBDA2567510F006E39AB /* 10 MergeEList */ = {
			isa = PBXGroup;
			children = (
				0382BBDB25675127006E39AB /* MergeEList.h */,
				0382BBDC25675127006E39AB /* MergeEList.c */,
				0382BBDE25675139006E39AB /* MergeEList-main.c */,
			);
			path = "10 MergeEList";
			sourceTree = "<group>";
		};
		03A52C622545584D00A94B3A = {
			isa = PBXGroup;
			children = (
				03A52C6D2545584D00A94B3A /* 数据结构c语言实现 */,
				03A52C6C2545584D00A94B3A /* Products */,
			);
			sourceTree = "<group>";
		};
		03A52C6C2545584D00A94B3A /* Products */ = {
			isa = PBXGroup;
			children = (
				03A52C6B2545584D00A94B3A /* 数据结构c语言实现 */,
			);
			name = Products;
			sourceTree = "<group>";
		};
		03A52C6D2545584D00A94B3A /* 数据结构c语言实现 */ = {
			isa = PBXGroup;
			children = (
				0382526325455C0B001D935F /* 课本算法实现 */,
			);
			path = "数据结构c语言实现";
			sourceTree = "<group>";
		};
		03DF6407255F904E00403696 /* 08 DualCycleLinkedList */ = {
			isa = PBXGroup;
			children = (
				03DF6408255F906200403696 /* DualCycleLinkedList.h */,
				03DF6409255F906200403696 /* DualCycleLinkedList.c */,
				03DF640B255F907400403696 /* DualCycleLinkedList-main.c */,
			);
			path = "08 DualCycleLinkedList";
			sourceTree = "<group>";
		};
		03DF640D256217E400403696 /* 09 ExtenLinkedList */ = {
			isa = PBXGroup;
			children = (
				03DF640E256217FB00403696 /* ExtenLinkedList.h */,
				03DF640F256217FB00403696 /* ExtenLinkedList.c */,
				03DF64112562181000403696 /* ExtenLinkedList-main.c */,
			);
			path = "09 ExtenLinkedList";
			sourceTree = "<group>";
		};
		03DF8AA62550F1DA00D30033 /* 05 MergeList */ = {
			isa = PBXGroup;
			children = (
				03DF8AA72550F22800D30033 /* MergeList.h */,
				03DF8AA82550F22800D30033 /* MergeList.c */,
				03DF8AAA2550F23C00D30033 /* MergeList-main.c */,
			);
			path = "05 MergeList";
			sourceTree = "<group>";
		};
		03DF8AAC2553CC0700D30033 /* 06 StaticLinkedList */ = {
			isa = PBXGroup;
			children = (
				03DF8AAD2553CD1700D30033 /* StaticLinkedList.h */,
				03DF8AAE2553CD1700D30033 /* StaticLinkedList.c */,
				03DF8AB02553CD3700D30033 /* StaticLinkedList-main.c */,
			);
			path = "06 StaticLinkedList";
			sourceTree = "<group>";
		};
		03DF8AB2255CC18600D30033 /* 循环链表解决约瑟夫环 */ = {
			isa = PBXGroup;
			children = (
				03DF8AB5255CC1F600D30033 /* cycle.c */,
			);
			path = "循环链表解决约瑟夫环";
			sourceTree = "<group>";
		};
		03DF8AB7255E19AB00D30033 /* 07 Difference */ = {
			isa = PBXGroup;
			children = (
				03DF8AB8255E1A0100D30033 /* Diffrence.h */,
				03DF8AB9255E1A0100D30033 /* Diffrence.c */,
				03DF8ABB255E1A2600D30033 /* Deffrence-main.c */,
			);
			path = "07 Difference";
			sourceTree = "<group>";
		};
/* End PBXGroup section */

/* Begin PBXNativeTarget section */
		03A52C6A2545584D00A94B3A /* 数据结构c语言实现 */ = {
			isa = PBXNativeTarget;
			buildConfigurationList = 03A52C722545584D00A94B3A /* Build configuration list for PBXNativeTarget "数据结构c语言实现" */;
			buildPhases = (
				03A52C672545584D00A94B3A /* Sources */,
				03A52C682545584D00A94B3A /* Frameworks */,
				03A52C692545584D00A94B3A /* CopyFiles */,
			);
			buildRules = (
			);
			dependencies = (
			);
			name = "数据结构c语言实现";
			productName = "数据结构c语言实现";
			productReference = 03A52C6B2545584D00A94B3A /* 数据结构c语言实现 */;
			productType = "com.apple.product-type.tool";
		};
/* End PBXNativeTarget section */

/* Begin PBXProject section */
		03A52C632545584D00A94B3A /* Project object */ = {
			isa = PBXProject;
			attributes = {
				LastUpgradeCheck = 1210;
				TargetAttributes = {
					03A52C6A2545584D00A94B3A = {
						CreatedOnToolsVersion = 12.1;
					};
				};
			};
			buildConfigurationList = 03A52C662545584D00A94B3A /* Build configuration list for PBXProject "数据结构c语言实现" */;
			compatibilityVersion = "Xcode 9.3";
			developmentRegion = en;
			hasScannedForEncodings = 0;
			knownRegions = (
				en,
				Base,
			);
			mainGroup = 03A52C622545584D00A94B3A;
			productRefGroup = 03A52C6C2545584D00A94B3A /* Products */;
			projectDirPath = "";
			projectRoot = "";
			targets = (
				03A52C6A2545584D00A94B3A /* 数据结构c语言实现 */,
			);
		};
/* End PBXProject section */

/* Begin PBXSourcesBuildPhase section */
		03A52C672545584D00A94B3A /* Sources */ = {
			isa = PBXSourcesBuildPhase;
			buildActionMask = 2147483647;
			files = (
				03DF8AB12553CD3700D30033 /* StaticLinkedList-main.c in Sources */,
				036D944D254A51D80011B08D /* MergeSqList.c in Sources */,
				03DF8ABA255E1A0100D30033 /* Diffrence.c in Sources */,
				0382BBDF25675139006E39AB /* MergeEList-main.c in Sources */,
				0382526C25456E09001D935F /* SequenceList.c in Sources */,
				03DF8AA92550F22800D30033 /* MergeList.c in Sources */,
				03DF8ABC255E1A2600D30033 /* Deffrence-main.c in Sources */,
				03DF640C255F907400403696 /* DualCycleLinkedList-main.c in Sources */,
				036D9448254A4ECC0011B08D /* Union.c in Sources */,
				0382526825456D0C001D935F /* Status.c in Sources */,
				03DF6410256217FC00403696 /* ExtenLinkedList.c in Sources */,
				036D9462254D292B0011B08D /* SinglyLinkedList.c in Sources */,
				03DF8AAF2553CD1700D30033 /* StaticLinkedList.c in Sources */,
				036D945D254B9F770011B08D /* MergeSqList-main.c in Sources */,
				0382BBDD25675127006E39AB /* MergeEList.c in Sources */,
				036D945A254A8F370011B08D /* Union-main.c in Sources */,
				03DF8AAB2550F23C00D30033 /* MergeList-main.c in Sources */,
				03DF640A255F906200403696 /* DualCycleLinkedList.c in Sources */,
				03DF64122562181000403696 /* ExtenLinkedList-main.c in Sources */,
				036D9466254D294B0011B08D /* SinglyLinkedList-main.c in Sources */,
				03DF8AB6255CC1F600D30033 /* cycle.c in Sources */,
				0382527025479DBF001D935F /* SequenceList-mian.c in Sources */,
			);
			runOnlyForDeploymentPostprocessing = 0;
		};
/* End PBXSourcesBuildPhase section */

/* Begin XCBuildConfiguration section */
		03A52C702545584D00A94B3A /* Debug */ = {
			isa = XCBuildConfiguration;
			buildSettings = {
				ALWAYS_SEARCH_USER_PATHS = NO;
				CLANG_ANALYZER_NONNULL = YES;
				CLANG_ANALYZER_NUMBER_OBJECT_CONVERSION = YES_AGGRESSIVE;
				CLANG_CXX_LANGUAGE_STANDARD = "gnu++14";
				CLANG_CXX_LIBRARY = "libc++";
				CLANG_ENABLE_MODULES = YES;
				CLANG_ENABLE_OBJC_ARC = YES;
				CLANG_ENABLE_OBJC_WEAK = YES;
				CLANG_WARN_BLOCK_CAPTURE_AUTORELEASING = YES;
				CLANG_WARN_BOOL_CONVERSION = YES;
				CLANG_WARN_COMMA = YES;
				CLANG_WARN_CONSTANT_CONVERSION = YES;
				CLANG_WARN_DEPRECATED_OBJC_IMPLEMENTATIONS = YES;
				CLANG_WARN_DIRECT_OBJC_ISA_USAGE = YES_ERROR;
				CLANG_WARN_DOCUMENTATION_COMMENTS = YES;
				CLANG_WARN_EMPTY_BODY = YES;
				CLANG_WARN_ENUM_CONVERSION = YES;
				CLANG_WARN_INFINITE_RECURSION = YES;
				CLANG_WARN_INT_CONVERSION = YES;
				CLANG_WARN_NON_LITERAL_NULL_CONVERSION = YES;
				CLANG_WARN_OBJC_IMPLICIT_RETAIN_SELF = YES;
				CLANG_WARN_OBJC_LITERAL_CONVERSION = YES;
				CLANG_WARN_OBJC_ROOT_CLASS = YES_ERROR;
				CLANG_WARN_QUOTED_INCLUDE_IN_FRAMEWORK_HEADER = YES;
				CLANG_WARN_RANGE_LOOP_ANALYSIS = YES;
				CLANG_WARN_STRICT_PROTOTYPES = YES;
				CLANG_WARN_SUSPICIOUS_MOVE = YES;
				CLANG_WARN_UNGUARDED_AVAILABILITY = YES_AGGRESSIVE;
				CLANG_WARN_UNREACHABLE_CODE = YES;
				CLANG_WARN__DUPLICATE_METHOD_MATCH = YES;
				COPY_PHASE_STRIP = NO;
				DEBUG_INFORMATION_FORMAT = dwarf;
				ENABLE_STRICT_OBJC_MSGSEND = YES;
				ENABLE_TESTABILITY = YES;
				GCC_C_LANGUAGE_STANDARD = gnu11;
				GCC_DYNAMIC_NO_PIC = NO;
				GCC_NO_COMMON_BLOCKS = YES;
				GCC_OPTIMIZATION_LEVEL = 0;
				GCC_PREPROCESSOR_DEFINITIONS = (
					"DEBUG=1",
					"$(inherited)",
				);
				GCC_WARN_64_TO_32_BIT_CONVERSION = YES;
				GCC_WARN_ABOUT_RETURN_TYPE = YES_ERROR;
				GCC_WARN_UNDECLARED_SELECTOR = YES;
				GCC_WARN_UNINITIALIZED_AUTOS = YES_AGGRESSIVE;
				GCC_WARN_UNUSED_FUNCTION = YES;
				GCC_WARN_UNUSED_VARIABLE = YES;
				MACOSX_DEPLOYMENT_TARGET = 10.15;
				MTL_ENABLE_DEBUG_INFO = INCLUDE_SOURCE;
				MTL_FAST_MATH = YES;
				ONLY_ACTIVE_ARCH = YES;
				SDKROOT = macosx;
			};
			name = Debug;
		};
		03A52C712545584D00A94B3A /* Release */ = {
			isa = XCBuildConfiguration;
			buildSettings = {
				ALWAYS_SEARCH_USER_PATHS = NO;
				CLANG_ANALYZER_NONNULL = YES;
				CLANG_ANALYZER_NUMBER_OBJECT_CONVERSION = YES_AGGRESSIVE;
				CLANG_CXX_LANGUAGE_STANDARD = "gnu++14";
				CLANG_CXX_LIBRARY = "libc++";
				CLANG_ENABLE_MODULES = YES;
				CLANG_ENABLE_OBJC_ARC = YES;
				CLANG_ENABLE_OBJC_WEAK = YES;
				CLANG_WARN_BLOCK_CAPTURE_AUTORELEASING = YES;
				CLANG_WARN_BOOL_CONVERSION = YES;
				CLANG_WARN_COMMA = YES;
				CLANG_WARN_CONSTANT_CONVERSION = YES;
				CLANG_WARN_DEPRECATED_OBJC_IMPLEMENTATIONS = YES;
				CLANG_WARN_DIRECT_OBJC_ISA_USAGE = YES_ERROR;
				CLANG_WARN_DOCUMENTATION_COMMENTS = YES;
				CLANG_WARN_EMPTY_BODY = YES;
				CLANG_WARN_ENUM_CONVERSION = YES;
				CLANG_WARN_INFINITE_RECURSION = YES;
				CLANG_WARN_INT_CONVERSION = YES;
				CLANG_WARN_NON_LITERAL_NULL_CONVERSION = YES;
				CLANG_WARN_OBJC_IMPLICIT_RETAIN_SELF = YES;
				CLANG_WARN_OBJC_LITERAL_CONVERSION = YES;
				CLANG_WARN_OBJC_ROOT_CLASS = YES_ERROR;
				CLANG_WARN_QUOTED_INCLUDE_IN_FRAMEWORK_HEADER = YES;
				CLANG_WARN_RANGE_LOOP_ANALYSIS = YES;
				CLANG_WARN_STRICT_PROTOTYPES = YES;
				CLANG_WARN_SUSPICIOUS_MOVE = YES;
				CLANG_WARN_UNGUARDED_AVAILABILITY = YES_AGGRESSIVE;
				CLANG_WARN_UNREACHABLE_CODE = YES;
				CLANG_WARN__DUPLICATE_METHOD_MATCH = YES;
				COPY_PHASE_STRIP = NO;
				DEBUG_INFORMATION_FORMAT = "dwarf-with-dsym";
				ENABLE_NS_ASSERTIONS = NO;
				ENABLE_STRICT_OBJC_MSGSEND = YES;
				GCC_C_LANGUAGE_STANDARD = gnu11;
				GCC_NO_COMMON_BLOCKS = YES;
				GCC_WARN_64_TO_32_BIT_CONVERSION = YES;
				GCC_WARN_ABOUT_RETURN_TYPE = YES_ERROR;
				GCC_WARN_UNDECLARED_SELECTOR = YES;
				GCC_WARN_UNINITIALIZED_AUTOS = YES_AGGRESSIVE;
				GCC_WARN_UNUSED_FUNCTION = YES;
				GCC_WARN_UNUSED_VARIABLE = YES;
				MACOSX_DEPLOYMENT_TARGET = 10.15;
				MTL_ENABLE_DEBUG_INFO = NO;
				MTL_FAST_MATH = YES;
				SDKROOT = macosx;
			};
			name = Release;
		};
		03A52C732545584D00A94B3A /* Debug */ = {
			isa = XCBuildConfiguration;
			buildSettings = {
				CODE_SIGN_STYLE = Automatic;
				PRODUCT_NAME = "$(TARGET_NAME)";
			};
			name = Debug;
		};
		03A52C742545584D00A94B3A /* Release */ = {
			isa = XCBuildConfiguration;
			buildSettings = {
				CODE_SIGN_STYLE = Automatic;
				PRODUCT_NAME = "$(TARGET_NAME)";
			};
			name = Release;
		};
/* End XCBuildConfiguration section */

/* Begin XCConfigurationList section */
		03A52C662545584D00A94B3A /* Build configuration list for PBXProject "数据结构c语言实现" */ = {
			isa = XCConfigurationList;
			buildConfigurations = (
				03A52C702545584D00A94B3A /* Debug */,
				03A52C712545584D00A94B3A /* Release */,
			);
			defaultConfigurationIsVisible = 0;
			defaultConfigurationName = Release;
		};
		03A52C722545584D00A94B3A /* Build configuration list for PBXNativeTarget "数据结构c语言实现" */ = {
			isa = XCConfigurationList;
			buildConfigurations = (
				03A52C732545584D00A94B3A /* Debug */,
				03A52C742545584D00A94B3A /* Release */,
			);
			defaultConfigurationIsVisible = 0;
			defaultConfigurationName = Release;
		};
/* End XCConfigurationList section */
	};
	rootObject = 03A52C632545584D00A94B3A /* Project object */;
}
